// !$*UTF8*$!
{
	archiveVersion = 1;
	classes = {
	};
	objectVersion = 50;
	objects = {

/* Begin PBXBuildFile section */
		A9C5EB0C24BB5923002C9068 /* AppDelegate.swift in Sources */ = {isa = PBXBuildFile; fileRef = A9C5EB0B24BB5923002C9068 /* AppDelegate.swift */; };
		A9C5EB0E24BB5923002C9068 /* SceneDelegate.swift in Sources */ = {isa = PBXBuildFile; fileRef = A9C5EB0D24BB5923002C9068 /* SceneDelegate.swift */; };
		A9C5EB1024BB5923002C9068 /* ViewController.swift in Sources */ = {isa = PBXBuildFile; fileRef = A9C5EB0F24BB5923002C9068 /* ViewController.swift */; };
		A9C5EB1324BB5923002C9068 /* Main.storyboard in Resources */ = {isa = PBXBuildFile; fileRef = A9C5EB1124BB5923002C9068 /* Main.storyboard */; };
		A9C5EB1524BB5924002C9068 /* Assets.xcassets in Resources */ = {isa = PBXBuildFile; fileRef = A9C5EB1424BB5924002C9068 /* Assets.xcassets */; };
		A9C5EB1824BB5924002C9068 /* LaunchScreen.storyboard in Resources */ = {isa = PBXBuildFile; fileRef = A9C5EB1624BB5924002C9068 /* LaunchScreen.storyboard */; };
/* End PBXBuildFile section */

/* Begin PBXFileReference section */
		A9C5EB0824BB5923002C9068 /* SosnovskiyRegisterApp.app */ = {isa = PBXFileReference; explicitFileType = wrapper.application; includeInIndex = 0; path = SosnovskiyRegisterApp.app; sourceTree = BUILT_PRODUCTS_DIR; };
		A9C5EB0B24BB5923002C9068 /* AppDelegate.swift */ = {isa = PBXFileReference; lastKnownFileType = sourcecode.swift; path = AppDelegate.swift; sourceTree = "<group>"; };
		A9C5EB0D24BB5923002C9068 /* SceneDelegate.swift */ = {isa = PBXFileReference; lastKnownFileType = sourcecode.swift; path = SceneDelegate.swift; sourceTree = "<group>"; };
		A9C5EB0F24BB5923002C9068 /* ViewController.swift */ = {isa = PBXFileReference; lastKnownFileType = sourcecode.swift; path = ViewController.swift; sourceTree = "<group>"; };
		A9C5EB1224BB5923002C9068 /* Base */ = {isa = PBXFileReference; lastKnownFileType = file.storyboard; name = Base; path = Base.lproj/Main.storyboard; sourceTree = "<group>"; };
		A9C5EB1424BB5924002C9068 /* Assets.xcassets */ = {isa = PBXFileReference; lastKnownFileType = folder.assetcatalog; path = Assets.xcassets; sourceTree = "<group>"; };
		A9C5EB1724BB5924002C9068 /* Base */ = {isa = PBXFileReference; lastKnownFileType = file.storyboard; name = Base; path = Base.lproj/LaunchScreen.storyboard; sourceTree = "<group>"; };
		A9C5EB1924BB5924002C9068 /* Info.plist */ = {isa = PBXFileReference; lastKnownFileType = text.plist.xml; path = Info.plist; sourceTree = "<group>"; };
/* End PBXFileReference section */

/* Begin PBXFrameworksBuildPhase section */
		A9C5EB0524BB5923002C9068 /* Frameworks */ = {
			isa = PBXFrameworksBuildPhase;
			buildActionMask = 2147483647;
			files = (
			);
			runOnlyForDeploymentPostprocessing = 0;
		};
/* End PBXFrameworksBuildPhase section */

/* Begin PBXGroup section */
		A9C5EAFF24BB5923002C9068 = {
			isa = PBXGroup;
			children = (
				A9C5EB0A24BB5923002C9068 /* SosnovskiyRegisterApp */,
				A9C5EB0924BB5923002C9068 /* Products */,
			);
			sourceTree = "<group>";
		};
		A9C5EB0924BB5923002C9068 /* Products */ = {
			isa = PBXGroup;
			children = (
				A9C5EB0824BB5923002C9068 /* SosnovskiyRegisterApp.app */,
			);
			name = Products;
			sourceTree = "<group>";
		};
		A9C5EB0A24BB5923002C9068 /* SosnovskiyRegisterApp */ = {
			isa = PBXGroup;
			children = (
				A9C5EB0B24BB5923002C9068 /* AppDelegate.swift */,
				A9C5EB0D24BB5923002C9068 /* SceneDelegate.swift */,
				A9C5EB0F24BB5923002C9068 /* ViewController.swift */,
				A9C5EB1124BB5923002C9068 /* Main.storyboard */,
				A9C5EB1424BB5924002C9068 /* Assets.xcassets */,
				A9C5EB1624BB5924002C9068 /* LaunchScreen.storyboard */,
				A9C5EB1924BB5924002C9068 /* Info.plist */,
			);
			path = SosnovskiyRegisterApp;
			sourceTree = "<group>";
		};
/* End PBXGroup section */

/* Begin PBXNativeTarget section */
		A9C5EB0724BB5923002C9068 /* SosnovskiyRegisterApp */ = {
			isa = PBXNativeTarget;
			buildConfigurationList = A9C5EB1C24BB5924002C9068 /* Build configuration list for PBXNativeTarget "SosnovskiyRegisterApp" */;
			buildPhases = (
				A9C5EB0424BB5923002C9068 /* Sources */,
				A9C5EB0524BB5923002C9068 /* Frameworks */,
				A9C5EB0624BB5923002C9068 /* Resources */,
			);
			buildRules = (
			);
			dependencies = (
			);
			name = SosnovskiyRegisterApp;
			productName = SosnovskiyRegisterApp;
			productReference = A9C5EB0824BB5923002C9068 /* SosnovskiyRegisterApp.app */;
			productType = "com.apple.product-type.application";
		};
/* End PBXNativeTarget section */

/* Begin PBXProject section */
		A9C5EB0024BB5923002C9068 /* Project object */ = {
			isa = PBXProject;
			attributes = {
				LastSwiftUpdateCheck = 1150;
				LastUpgradeCheck = 1150;
				ORGANIZATIONNAME = "Gregory Pinetree";
				TargetAttributes = {
					A9C5EB0724BB5923002C9068 = {
						CreatedOnToolsVersion = 11.5;
					};
				};
			};
			buildConfigurationList = A9C5EB0324BB5923002C9068 /* Build configuration list for PBXProject "SosnovskiyRegisterApp" */;
			compatibilityVersion = "Xcode 9.3";
			developmentRegion = en;
			hasScannedForEncodings = 0;
			knownRegions = (
				en,
				Base,
			);
			mainGroup = A9C5EAFF24BB5923002C9068;
			productRefGroup = A9C5EB0924BB5923002C9068 /* Products */;
			projectDirPath = "";
			projectRoot = "";
			targets = (
				A9C5EB0724BB5923002C9068 /* SosnovskiyRegisterApp */,
			);
		};
/* End PBXProject section */

/* Begin PBXResourcesBuildPhase section */
		A9C5EB0624BB5923002C9068 /* Resources */ = {
			isa = PBXResourcesBuildPhase;
			buildActionMask = 2147483647;
			files = (
				A9C5EB1824BB5924002C9068 /* LaunchScreen.storyboard in Resources */,
				A9C5EB1524BB5924002C9068 /* Assets.xcassets in Resources */,
				A9C5EB1324BB5923002C9068 /* Main.storyboard in Resources */,
			);
			runOnlyForDeploymentPostprocessing = 0;
		};
/* End PBXResourcesBuildPhase section */

/* Begin PBXSourcesBuildPhase section */
		A9C5EB0424BB5923002C9068 /* Sources */ = {
			isa = PBXSourcesBuildPhase;
			buildActionMask = 2147483647;
			files = (
				A9C5EB1024BB5923002C9068 /* ViewController.swift in Sources */,
				A9C5EB0C24BB5923002C9068 /* AppDelegate.swift in Sources */,
				A9C5EB0E24BB5923002C9068 /* SceneDelegate.swift in Sources */,
			);
			runOnlyForDeploymentPostprocessing = 0;
		};
/* End PBXSourcesBuildPhase section */

/* Begin PBXVariantGroup section */
		A9C5EB1124BB5923002C9068 /* Main.storyboard */ = {
			isa = PBXVariantGroup;
			children = (
				A9C5EB1224BB5923002C9068 /* Base */,
			);
			name = Main.storyboard;
			sourceTree = "<group>";
		};
		A9C5EB1624BB5924002C9068 /* LaunchScreen.storyboard */ = {
			isa = PBXVariantGroup;
			children = (
				A9C5EB1724BB5924002C9068 /* Base */,
			);
			name = LaunchScreen.storyboard;
			sourceTree = "<group>";
		};
/* End PBXVariantGroup section */

/* Begin XCBuildConfiguration section */
		A9C5EB1A24BB5924002C9068 /* Debug */ = {
			isa = XCBuildConfiguration;
			buildSettings = {
				ALWAYS_SEARCH_USER_PATHS = NO;
				CLANG_ANALYZER_NONNULL = YES;
				CLANG_ANALYZER_NUMBER_OBJECT_CONVERSION = YES_AGGRESSIVE;
				CLANG_CXX_LANGUAGE_STANDARD = "gnu++14";
				CLANG_CXX_LIBRARY = "libc++";
				CLANG_ENABLE_MODULES = YES;
				CLANG_ENABLE_OBJC_ARC = YES;
				CLANG_ENABLE_OBJC_WEAK = YES;
				CLANG_WARN_BLOCK_CAPTURE_AUTORELEASING = YES;
				CLANG_WARN_BOOL_CONVERSION = YES;
				CLANG_WARN_COMMA = YES;
				CLANG_WARN_CONSTANT_CONVERSION = YES;
				CLANG_WARN_DEPRECATED_OBJC_IMPLEMENTATIONS = YES;
				CLANG_WARN_DIRECT_OBJC_ISA_USAGE = YES_ERROR;
				CLANG_WARN_DOCUMENTATION_COMMENTS = YES;
				CLANG_WARN_EMPTY_BODY = YES;
				CLANG_WARN_ENUM_CONVERSION = YES;
				CLANG_WARN_INFINITE_RECURSION = YES;
				CLANG_WARN_INT_CONVERSION = YES;
				CLANG_WARN_NON_LITERAL_NULL_CONVERSION = YES;
				CLANG_WARN_OBJC_IMPLICIT_RETAIN_SELF = YES;
				CLANG_WARN_OBJC_LITERAL_CONVERSION = YES;
				CLANG_WARN_OBJC_ROOT_CLASS = YES_ERROR;
				CLANG_WARN_RANGE_LOOP_ANALYSIS = YES;
				CLANG_WARN_STRICT_PROTOTYPES = YES;
				CLANG_WARN_SUSPICIOUS_MOVE = YES;
				CLANG_WARN_UNGUARDED_AVAILABILITY = YES_AGGRESSIVE;
				CLANG_WARN_UNREACHABLE_CODE = YES;
				CLANG_WARN__DUPLICATE_METHOD_MATCH = YES;
				COPY_PHASE_STRIP = NO;
				DEBUG_INFORMATION_FORMAT = dwarf;
				ENABLE_STRICT_OBJC_MSGSEND = YES;
				ENABLE_TESTABILITY = YES;
				GCC_C_LANGUAGE_STANDARD = gnu11;
				GCC_DYNAMIC_NO_PIC = NO;
				GCC_NO_COMMON_BLOCKS = YES;
				GCC_OPTIMIZATION_LEVEL = 0;
				GCC_PREPROCESSOR_DEFINITIONS = (
					"DEBUG=1",
					"$(inherited)",
				);
				GCC_WARN_64_TO_32_BIT_CONVERSION = YES;
				GCC_WARN_ABOUT_RETURN_TYPE = YES_ERROR;
				GCC_WARN_UNDECLARED_SELECTOR = YES;
				GCC_WARN_UNINITIALIZED_AUTOS = YES_AGGRESSIVE;
				GCC_WARN_UNUSED_FUNCTION = YES;
				GCC_WARN_UNUSED_VARIABLE = YES;
				IPHONEOS_DEPLOYMENT_TARGET = 13.5;
				MTL_ENABLE_DEBUG_INFO = INCLUDE_SOURCE;
				MTL_FAST_MATH = YES;
				ONLY_ACTIVE_ARCH = YES;
				SDKROOT = iphoneos;
				SWIFT_ACTIVE_COMPILATION_CONDITIONS = DEBUG;
				SWIFT_OPTIMIZATION_LEVEL = "-Onone";
			};
			name = Debug;
		};
		A9C5EB1B24BB5924002C9068 /* Release */ = {
			isa = XCBuildConfiguration;
			buildSettings = {
				ALWAYS_SEARCH_USER_PATHS = NO;
				CLANG_ANALYZER_NONNULL = YES;
				CLANG_ANALYZER_NUMBER_OBJECT_CONVERSION = YES_AGGRESSIVE;
				CLANG_CXX_LANGUAGE_STANDARD = "gnu++14";
				CLANG_CXX_LIBRARY = "libc++";
				CLANG_ENABLE_MODULES = YES;
				CLANG_ENABLE_OBJC_ARC = YES;
				CLANG_ENABLE_OBJC_WEAK = YES;
				CLANG_WARN_BLOCK_CAPTURE_AUTORELEASING = YES;
				CLANG_WARN_BOOL_CONVERSION = YES;
				CLANG_WARN_COMMA = YES;
				CLANG_WARN_CONSTANT_CONVERSION = YES;
				CLANG_WARN_DEPRECATED_OBJC_IMPLEMENTATIONS = YES;
				CLANG_WARN_DIRECT_OBJC_ISA_USAGE = YES_ERROR;
				CLANG_WARN_DOCUMENTATION_COMMENTS = YES;
				CLANG_WARN_EMPTY_BODY = YES;
				CLANG_WARN_ENUM_CONVERSION = YES;
				CLANG_WARN_INFINITE_RECURSION = YES;
				CLANG_WARN_INT_CONVERSION = YES;
				CLANG_WARN_NON_LITERAL_NULL_CONVERSION = YES;
				CLANG_WARN_OBJC_IMPLICIT_RETAIN_SELF = YES;
				CLANG_WARN_OBJC_LITERAL_CONVERSION = YES;
				CLANG_WARN_OBJC_ROOT_CLASS = YES_ERROR;
				CLANG_WARN_RANGE_LOOP_ANALYSIS = YES;
				CLANG_WARN_STRICT_PROTOTYPES = YES;
				CLANG_WARN_SUSPICIOUS_MOVE = YES;
				CLANG_WARN_UNGUARDED_AVAILABILITY = YES_AGGRESSIVE;
				CLANG_WARN_UNREACHABLE_CODE = YES;
				CLANG_WARN__DUPLICATE_METHOD_MATCH = YES;
				COPY_PHASE_STRIP = NO;
				DEBUG_INFORMATION_FORMAT = "dwarf-with-dsym";
				ENABLE_NS_ASSERTIONS = NO;
				ENABLE_STRICT_OBJC_MSGSEND = YES;
				GCC_C_LANGUAGE_STANDARD = gnu11;
				GCC_NO_COMMON_BLOCKS = YES;
				GCC_WARN_64_TO_32_BIT_CONVERSION = YES;
				GCC_WARN_ABOUT_RETURN_TYPE = YES_ERROR;
				GCC_WARN_UNDECLARED_SELECTOR = YES;
				GCC_WARN_UNINITIALIZED_AUTOS = YES_AGGRESSIVE;
				GCC_WARN_UNUSED_FUNCTION = YES;
				GCC_WARN_UNUSED_VARIABLE = YES;
				IPHONEOS_DEPLOYMENT_TARGET = 13.5;
				MTL_ENABLE_DEBUG_INFO = NO;
				MTL_FAST_MATH = YES;
				SDKROOT = iphoneos;
				SWIFT_COMPILATION_MODE = wholemodule;
				SWIFT_OPTIMIZATION_LEVEL = "-O";
				VALIDATE_PRODUCT = YES;
			};
			name = Release;
		};
		A9C5EB1D24BB5924002C9068 /* Debug */ = {
			isa = XCBuildConfiguration;
			buildSettings = {
				ASSETCATALOG_COMPILER_APPICON_NAME = AppIcon;
				CODE_SIGN_STYLE = Automatic;
				INFOPLIST_FILE = SosnovskiyRegisterApp/Info.plist;
				LD_RUNPATH_SEARCH_PATHS = (
					"$(inherited)",
					"@executable_path/Frameworks",
				);
				PRODUCT_BUNDLE_IDENTIFIER = GrizverG.SosnovskiyRegisterApp;
				PRODUCT_NAME = "$(TARGET_NAME)";
				SWIFT_VERSION = 5.0;
				TARGETED_DEVICE_FAMILY = "1,2";
			};
			name = Debug;
		};
		A9C5EB1E24BB5924002C9068 /* Release */ = {
			isa = XCBuildConfiguration;
			buildSettings = {
				ASSETCATALOG_COMPILER_APPICON_NAME = AppIcon;
				CODE_SIGN_STYLE = Automatic;
				INFOPLIST_FILE = SosnovskiyRegisterApp/Info.plist;
				LD_RUNPATH_SEARCH_PATHS = (
					"$(inherited)",
					"@executable_path/Frameworks",
				);
				PRODUCT_BUNDLE_IDENTIFIER = GrizverG.SosnovskiyRegisterApp;
				PRODUCT_NAME = "$(TARGET_NAME)";
				SWIFT_VERSION = 5.0;
				TARGETED_DEVICE_FAMILY = "1,2";
			};
			name = Release;
		};
/* End XCBuildConfiguration section */

/* Begin XCConfigurationList section */
		A9C5EB0324BB5923002C9068 /* Build configuration list for PBXProject "SosnovskiyRegisterApp" */ = {
			isa = XCConfigurationList;
			buildConfigurations = (
				A9C5EB1A24BB5924002C9068 /* Debug */,
				A9C5EB1B24BB5924002C9068 /* Release */,
			);
			defaultConfigurationIsVisible = 0;
			defaultConfigurationName = Release;
		};
		A9C5EB1C24BB5924002C9068 /* Build configuration list for PBXNativeTarget "SosnovskiyRegisterApp" */ = {
			isa = XCConfigurationList;
			buildConfigurations = (
				A9C5EB1D24BB5924002C9068 /* Debug */,
				A9C5EB1E24BB5924002C9068 /* Release */,
			);
			defaultConfigurationIsVisible = 0;
			defaultConfigurationName = Release;
		};
/* End XCConfigurationList section */
	};
	rootObject = A9C5EB0024BB5923002C9068 /* Project object */;
}
